
Microsoft Visual Studio Solution File, Format Version 12.00
# Visual Studio 15
VisualStudioVersion = 15.0.27703.2042
MinimumVisualStudioVersion = 10.0.40219.1
Project("{9A19103F-16F7-4668-BE54-9A1E7A4F7556}") = "Trumgu_IntegratedManageSystem", "Trumgu_IntegratedManageSystem.csproj", "{C010513F-FC50-42AD-9282-69D1A37B1447}"
EndProject
Global
	GlobalSection(SolutionConfigurationPlatforms) = preSolution
		Debug|Any CPU = Debug|Any CPU
		Release|Any CPU = Release|Any CPU
	EndGlobalSection
	GlobalSection(ProjectConfigurationPlatforms) = postSolution
		{C010513F-FC50-42AD-9282-69D1A37B1447}.Debug|Any CPU.ActiveCfg = Debug|Any CPU
		{C010513F-FC50-42AD-9282-69D1A37B1447}.Debug|Any CPU.Build.0 = Debug|Any CPU
		{C010513F-FC50-42AD-9282-69D1A37B1447}.Release|Any CPU.ActiveCfg = Release|Any CPU
		{C010513F-FC50-42AD-9282-69D1A37B1447}.Release|Any CPU.Build.0 = Release|Any CPU
	EndGlobalSection
	GlobalSection(SolutionProperties) = preSolution
		HideSolutionNode = FALSE
	EndGlobalSection
	GlobalSection(ExtensibilityGlobals) = postSolution
		SolutionGuid = {1B59AB9B-5DE0-488E-8648-FA8240ED5427}
	EndGlobalSection
EndGlobal
